
Microsoft Visual Studio Solution File, Format Version 12.00
Project("{2150E333-8FDC-42A3-9474-1A3956D46DE8}") = "Services", "Services", "{15EAB1B2-1E38-4395-8290-332E8FE1F33C}"
EndProject
Project("{2150E333-8FDC-42A3-9474-1A3956D46DE8}") = "Solution Items", "Solution Items", "{012663CF-38BF-4CEB-995E-93A4A288B856}"
	ProjectSection(SolutionItems) = preProject
		docker-compose.yml = docker-compose.yml
		docker-compose.override.yml = docker-compose.override.yml
	EndProjectSection
EndProject
Project("{2150E333-8FDC-42A3-9474-1A3956D46DE8}") = "MasterData", "MasterData", "{F9AFFDDD-3201-4C7E-9C26-9A1EA960E891}"
EndProject
Project("{FAE04EC0-301F-11D3-BF4B-00C04F79EFBC}") = "MasterData.Core", "Services\MasterData.Core\MasterData.Core.csproj", "{C2802E83-E54B-4208-9E0E-E14A0CFF9705}"
EndProject
Project("{FAE04EC0-301F-11D3-BF4B-00C04F79EFBC}") = "MasterData.Application", "Services\MasterData.Application\MasterData.Application.csproj", "{5FD2F080-9886-41A6-9B14-449380657CE4}"
EndProject
Project("{FAE04EC0-301F-11D3-BF4B-00C04F79EFBC}") = "MasterData.Infrastructure", "Services\MasterData.Infrastructure\MasterData.Infrastructure.csproj", "{9E9C4508-0C61-42C7-88F6-39703247E085}"
EndProject
Project("{FAE04EC0-301F-11D3-BF4B-00C04F79EFBC}") = "MasterData.Api", "Services\MasterData.Api\MasterData.Api.csproj", "{CE9C1CAE-DA26-4DCE-A6CF-540F0021A1DE}"
EndProject
Global
	GlobalSection(SolutionConfigurationPlatforms) = preSolution
		Debug|Any CPU = Debug|Any CPU
		Release|Any CPU = Release|Any CPU
	EndGlobalSection
	GlobalSection(ProjectConfigurationPlatforms) = postSolution
		{C2802E83-E54B-4208-9E0E-E14A0CFF9705}.Debug|Any CPU.ActiveCfg = Debug|Any CPU
		{C2802E83-E54B-4208-9E0E-E14A0CFF9705}.Debug|Any CPU.Build.0 = Debug|Any CPU
		{C2802E83-E54B-4208-9E0E-E14A0CFF9705}.Release|Any CPU.ActiveCfg = Release|Any CPU
		{C2802E83-E54B-4208-9E0E-E14A0CFF9705}.Release|Any CPU.Build.0 = Release|Any CPU
		{5FD2F080-9886-41A6-9B14-449380657CE4}.Debug|Any CPU.ActiveCfg = Debug|Any CPU
		{5FD2F080-9886-41A6-9B14-449380657CE4}.Debug|Any CPU.Build.0 = Debug|Any CPU
		{5FD2F080-9886-41A6-9B14-449380657CE4}.Release|Any CPU.ActiveCfg = Release|Any CPU
		{5FD2F080-9886-41A6-9B14-449380657CE4}.Release|Any CPU.Build.0 = Release|Any CPU
		{9E9C4508-0C61-42C7-88F6-39703247E085}.Debug|Any CPU.ActiveCfg = Debug|Any CPU
		{9E9C4508-0C61-42C7-88F6-39703247E085}.Debug|Any CPU.Build.0 = Debug|Any CPU
		{9E9C4508-0C61-42C7-88F6-39703247E085}.Release|Any CPU.ActiveCfg = Release|Any CPU
		{9E9C4508-0C61-42C7-88F6-39703247E085}.Release|Any CPU.Build.0 = Release|Any CPU
		{CE9C1CAE-DA26-4DCE-A6CF-540F0021A1DE}.Debug|Any CPU.ActiveCfg = Debug|Any CPU
		{CE9C1CAE-DA26-4DCE-A6CF-540F0021A1DE}.Debug|Any CPU.Build.0 = Debug|Any CPU
		{CE9C1CAE-DA26-4DCE-A6CF-540F0021A1DE}.Release|Any CPU.ActiveCfg = Release|Any CPU
		{CE9C1CAE-DA26-4DCE-A6CF-540F0021A1DE}.Release|Any CPU.Build.0 = Release|Any CPU
	EndGlobalSection
	GlobalSection(NestedProjects) = preSolution
		{F9AFFDDD-3201-4C7E-9C26-9A1EA960E891} = {15EAB1B2-1E38-4395-8290-332E8FE1F33C}
		{C2802E83-E54B-4208-9E0E-E14A0CFF9705} = {F9AFFDDD-3201-4C7E-9C26-9A1EA960E891}
		{5FD2F080-9886-41A6-9B14-449380657CE4} = {F9AFFDDD-3201-4C7E-9C26-9A1EA960E891}
		{9E9C4508-0C61-42C7-88F6-39703247E085} = {F9AFFDDD-3201-4C7E-9C26-9A1EA960E891}
		{CE9C1CAE-DA26-4DCE-A6CF-540F0021A1DE} = {F9AFFDDD-3201-4C7E-9C26-9A1EA960E891}
	EndGlobalSection
EndGlobal
